
Microsoft Visual Studio Solution File, Format Version 12.00
# Visual Studio Version 17
VisualStudioVersion = 17.4.33205.214
MinimumVisualStudioVersion = 10.0.40219.1
Project("{FAE04EC0-301F-11D3-BF4B-00C04F79EFBC}") = "Test3", "Test3\Test3.csproj", "{F11194F8-6201-4489-99A1-4C51264BE9E7}"
EndProject
Global
	GlobalSection(SolutionConfigurationPlatforms) = preSolution
		Debug|Any CPU = Debug|Any CPU
		Release|Any CPU = Release|Any CPU
	EndGlobalSection
	GlobalSection(ProjectConfigurationPlatforms) = postSolution
		{F11194F8-6201-4489-99A1-4C51264BE9E7}.Debug|Any CPU.ActiveCfg = Debug|Any CPU
		{F11194F8-6201-4489-99A1-4C51264BE9E7}.Debug|Any CPU.Build.0 = Debug|Any CPU
		{F11194F8-6201-4489-99A1-4C51264BE9E7}.Release|Any CPU.ActiveCfg = Release|Any CPU
		{F11194F8-6201-4489-99A1-4C51264BE9E7}.Release|Any CPU.Build.0 = Release|Any CPU
	EndGlobalSection
	GlobalSection(SolutionProperties) = preSolution
		HideSolutionNode = FALSE
	EndGlobalSection
	GlobalSection(ExtensibilityGlobals) = postSolution
		SolutionGuid = {251A4CD3-A5E1-418A-8EBB-DB3BD7990DE6}
	EndGlobalSection
EndGlobal
